{
    "_readme": [
        "This file locks the dependencies of your project to a known state",
        "Read more about it at https://getcomposer.org/doc/01-basic-usage.md#installing-dependencies",
        "This file is @generated automatically"
    ],
    "content-hash": "88ef471a26a10e80fb9a9ab32416f758",
    "packages": [
        {
            "name": "phpstan/phpstan",
            "version": "1.4.2",
            "source": {
                "type": "git",
                "url": "https://github.com/phpstan/phpstan.git",
                "reference": "1dd8f3e40bf7aa30031a75c65cece99220a161b8"
            },
            "dist": {
                "type": "zip",
                "url": "https://api.github.com/repos/phpstan/phpstan/zipball/1dd8f3e40bf7aa30031a75c65cece99220a161b8",
                "reference": "1dd8f3e40bf7aa30031a75c65cece99220a161b8",
                "shasum": ""
            },
            "require": {
                "php": "^7.1|^8.0"
            },
            "conflict": {
                "phpstan/phpstan-shim": "*"
            },
            "bin": [
                "phpstan",
                "phpstan.phar"
            ],
            "type": "library",
            "extra": {
                "branch-alias": {
                    "dev-master": "1.4-dev"
                }
            },
            "autoload": {
                "files": [
                    "bootstrap.php"
                ]
            },
            "notification-url": "https://packagist.org/downloads/",
            "license": [
                "MIT"
            ],
            "description": "PHPStan - PHP Static Analysis Tool",
            "support": {
                "issues": "https://github.com/phpstan/phpstan/issues",
                "source": "https://github.com/phpstan/phpstan/tree/1.4.2"
            },
            "funding": [
                {
                    "url": "https://github.com/ondrejmirtes",
                    "type": "github"
                },
                {
                    "url": "https://github.com/phpstan",
                    "type": "github"
                },
                {
                    "url": "https://www.patreon.com/phpstan",
                    "type": "patreon"
                },
                {
                    "url": "https://tidelift.com/funding/github/packagist/phpstan/phpstan",
                    "type": "tidelift"
                }
            ],
            "time": "2022-01-18T16:09:11+00:00"
        },
        {
            "name": "rector/rector",
            "version": "0.12.13",
            "source": {
                "type": "git",
                "url": "https://github.com/rectorphp/rector.git",
                "reference": "3132cdf7ead96ad98ab7331028083f4ef6e41ee9"
            },
            "dist": {
                "type": "zip",
                "url": "https://api.github.com/repos/rectorphp/rector/zipball/3132cdf7ead96ad98ab7331028083f4ef6e41ee9",
                "reference": "3132cdf7ead96ad98ab7331028083f4ef6e41ee9",
                "shasum": ""
            },
            "require": {
                "php": "^7.1|^8.0",
                "phpstan/phpstan": "^1.4"
            },
            "conflict": {
                "phpstan/phpdoc-parser": "<1.2",
                "rector/rector-cakephp": "*",
                "rector/rector-doctrine": "*",
                "rector/rector-laravel": "*",
                "rector/rector-nette": "*",
                "rector/rector-phpoffice": "*",
                "rector/rector-phpunit": "*",
                "rector/rector-prefixed": "*",
                "rector/rector-symfony": "*"
            },
            "bin": [
                "bin/rector"
            ],
            "type": "library",
            "extra": {
                "branch-alias": {
                    "dev-main": "0.12-dev"
                }
            },
            "autoload": {
                "files": [
                    "bootstrap.php"
                ]
            },
            "notification-url": "https://packagist.org/downloads/",
            "license": [
                "MIT"
            ],
            "description": "Prefixed and PHP 7.1 downgraded version of rector/rector",
            "support": {
                "issues": "https://github.com/rectorphp/rector/issues",
                "source": "https://github.com/rectorphp/rector/tree/0.12.13"
            },
            "funding": [
                {
                    "url": "https://github.com/tomasvotruba",
                    "type": "github"
                }
            ],
            "time": "2022-01-17T09:27:22+00:00"
        }
    ],
    "packages-dev": [],
    "aliases": [],
    "minimum-stability": "stable",
    "stability-flags": [],
    "prefer-stable": false,
    "prefer-lowest": false,
    "platform": {
        "php": "^8.0"
    },
    "platform-dev": [],
    "plugin-api-version": "2.2.0"
}
